// !$*UTF8*$!
{
	archiveVersion = 1;
	classes = {
	};
	objectVersion = 55;
	objects = {

/* Begin PBXBuildFile section */
		5ED7E4CD279E4064009ED7F7 /* AppDelegate.swift in Sources */ = {isa = PBXBuildFile; fileRef = 5ED7E4CC279E4064009ED7F7 /* AppDelegate.swift */; };
		5ED7E4CF279E4064009ED7F7 /* SceneDelegate.swift in Sources */ = {isa = PBXBuildFile; fileRef = 5ED7E4CE279E4064009ED7F7 /* SceneDelegate.swift */; };
		5ED7E4D1279E4064009ED7F7 /* ViewController.swift in Sources */ = {isa = PBXBuildFile; fileRef = 5ED7E4D0279E4064009ED7F7 /* ViewController.swift */; };
		5ED7E4D4279E4064009ED7F7 /* Main.storyboard in Resources */ = {isa = PBXBuildFile; fileRef = 5ED7E4D2279E4064009ED7F7 /* Main.storyboard */; };
		5ED7E4D6279E4064009ED7F7 /* Assets.xcassets in Resources */ = {isa = PBXBuildFile; fileRef = 5ED7E4D5279E4064009ED7F7 /* Assets.xcassets */; };
		5ED7E4D9279E4064009ED7F7 /* LaunchScreen.storyboard in Resources */ = {isa = PBXBuildFile; fileRef = 5ED7E4D7279E4064009ED7F7 /* LaunchScreen.storyboard */; };
		5ED7E4E4279E4065009ED7F7 /* SimplePageTests.swift in Sources */ = {isa = PBXBuildFile; fileRef = 5ED7E4E3279E4065009ED7F7 /* SimplePageTests.swift */; };
		5ED7E4EE279E4065009ED7F7 /* SimplePageUITests.swift in Sources */ = {isa = PBXBuildFile; fileRef = 5ED7E4ED279E4065009ED7F7 /* SimplePageUITests.swift */; };
		5ED7E4F0279E4065009ED7F7 /* SimplePageUITestsLaunchTests.swift in Sources */ = {isa = PBXBuildFile; fileRef = 5ED7E4EF279E4065009ED7F7 /* SimplePageUITestsLaunchTests.swift */; };
/* End PBXBuildFile section */

/* Begin PBXContainerItemProxy section */
		5ED7E4E0279E4065009ED7F7 /* PBXContainerItemProxy */ = {
			isa = PBXContainerItemProxy;
			containerPortal = 5ED7E4C1279E4064009ED7F7 /* Project object */;
			proxyType = 1;
			remoteGlobalIDString = 5ED7E4C8279E4064009ED7F7;
			remoteInfo = SimplePage;
		};
		5ED7E4EA279E4065009ED7F7 /* PBXContainerItemProxy */ = {
			isa = PBXContainerItemProxy;
			containerPortal = 5ED7E4C1279E4064009ED7F7 /* Project object */;
			proxyType = 1;
			remoteGlobalIDString = 5ED7E4C8279E4064009ED7F7;
			remoteInfo = SimplePage;
		};
/* End PBXContainerItemProxy section */

/* Begin PBXFileReference section */
		5ED7E4C9279E4064009ED7F7 /* SimplePage.app */ = {isa = PBXFileReference; explicitFileType = wrapper.application; includeInIndex = 0; path = SimplePage.app; sourceTree = BUILT_PRODUCTS_DIR; };
		5ED7E4CC279E4064009ED7F7 /* AppDelegate.swift */ = {isa = PBXFileReference; lastKnownFileType = sourcecode.swift; path = AppDelegate.swift; sourceTree = "<group>"; };
		5ED7E4CE279E4064009ED7F7 /* SceneDelegate.swift */ = {isa = PBXFileReference; lastKnownFileType = sourcecode.swift; path = SceneDelegate.swift; sourceTree = "<group>"; };
		5ED7E4D0279E4064009ED7F7 /* ViewController.swift */ = {isa = PBXFileReference; lastKnownFileType = sourcecode.swift; path = ViewController.swift; sourceTree = "<group>"; };
		5ED7E4D3279E4064009ED7F7 /* Base */ = {isa = PBXFileReference; lastKnownFileType = file.storyboard; name = Base; path = Base.lproj/Main.storyboard; sourceTree = "<group>"; };
		5ED7E4D5279E4064009ED7F7 /* Assets.xcassets */ = {isa = PBXFileReference; lastKnownFileType = folder.assetcatalog; path = Assets.xcassets; sourceTree = "<group>"; };
		5ED7E4D8279E4064009ED7F7 /* Base */ = {isa = PBXFileReference; lastKnownFileType = file.storyboard; name = Base; path = Base.lproj/LaunchScreen.storyboard; sourceTree = "<group>"; };
		5ED7E4DA279E4064009ED7F7 /* Info.plist */ = {isa = PBXFileReference; lastKnownFileType = text.plist.xml; path = Info.plist; sourceTree = "<group>"; };
		5ED7E4DF279E4065009ED7F7 /* SimplePageTests.xctest */ = {isa = PBXFileReference; explicitFileType = wrapper.cfbundle; includeInIndex = 0; path = SimplePageTests.xctest; sourceTree = BUILT_PRODUCTS_DIR; };
		5ED7E4E3279E4065009ED7F7 /* SimplePageTests.swift */ = {isa = PBXFileReference; lastKnownFileType = sourcecode.swift; path = SimplePageTests.swift; sourceTree = "<group>"; };
		5ED7E4E9279E4065009ED7F7 /* SimplePageUITests.xctest */ = {isa = PBXFileReference; explicitFileType = wrapper.cfbundle; includeInIndex = 0; path = SimplePageUITests.xctest; sourceTree = BUILT_PRODUCTS_DIR; };
		5ED7E4ED279E4065009ED7F7 /* SimplePageUITests.swift */ = {isa = PBXFileReference; lastKnownFileType = sourcecode.swift; path = SimplePageUITests.swift; sourceTree = "<group>"; };
		5ED7E4EF279E4065009ED7F7 /* SimplePageUITestsLaunchTests.swift */ = {isa = PBXFileReference; lastKnownFileType = sourcecode.swift; path = SimplePageUITestsLaunchTests.swift; sourceTree = "<group>"; };
/* End PBXFileReference section */

/* Begin PBXFrameworksBuildPhase section */
		5ED7E4C6279E4064009ED7F7 /* Frameworks */ = {
			isa = PBXFrameworksBuildPhase;
			buildActionMask = 2147483647;
			files = (
			);
			runOnlyForDeploymentPostprocessing = 0;
		};
		5ED7E4DC279E4065009ED7F7 /* Frameworks */ = {
			isa = PBXFrameworksBuildPhase;
			buildActionMask = 2147483647;
			files = (
			);
			runOnlyForDeploymentPostprocessing = 0;
		};
		5ED7E4E6279E4065009ED7F7 /* Frameworks */ = {
			isa = PBXFrameworksBuildPhase;
			buildActionMask = 2147483647;
			files = (
			);
			runOnlyForDeploymentPostprocessing = 0;
		};
/* End PBXFrameworksBuildPhase section */

/* Begin PBXGroup section */
		5ED7E4C0279E4064009ED7F7 = {
			isa = PBXGroup;
			children = (
				5ED7E4CB279E4064009ED7F7 /* SimplePage */,
				5ED7E4E2279E4065009ED7F7 /* SimplePageTests */,
				5ED7E4EC279E4065009ED7F7 /* SimplePageUITests */,
				5ED7E4CA279E4064009ED7F7 /* Products */,
			);
			sourceTree = "<group>";
		};
		5ED7E4CA279E4064009ED7F7 /* Products */ = {
			isa = PBXGroup;
			children = (
				5ED7E4C9279E4064009ED7F7 /* SimplePage.app */,
				5ED7E4DF279E4065009ED7F7 /* SimplePageTests.xctest */,
				5ED7E4E9279E4065009ED7F7 /* SimplePageUITests.xctest */,
			);
			name = Products;
			sourceTree = "<group>";
		};
		5ED7E4CB279E4064009ED7F7 /* SimplePage */ = {
			isa = PBXGroup;
			children = (
				5ED7E4CC279E4064009ED7F7 /* AppDelegate.swift */,
				5ED7E4CE279E4064009ED7F7 /* SceneDelegate.swift */,
				5ED7E4D0279E4064009ED7F7 /* ViewController.swift */,
				5ED7E4D2279E4064009ED7F7 /* Main.storyboard */,
				5ED7E4D5279E4064009ED7F7 /* Assets.xcassets */,
				5ED7E4D7279E4064009ED7F7 /* LaunchScreen.storyboard */,
				5ED7E4DA279E4064009ED7F7 /* Info.plist */,
			);
			path = SimplePage;
			sourceTree = "<group>";
		};
		5ED7E4E2279E4065009ED7F7 /* SimplePageTests */ = {
			isa = PBXGroup;
			children = (
				5ED7E4E3279E4065009ED7F7 /* SimplePageTests.swift */,
			);
			path = SimplePageTests;
			sourceTree = "<group>";
		};
		5ED7E4EC279E4065009ED7F7 /* SimplePageUITests */ = {
			isa = PBXGroup;
			children = (
				5ED7E4ED279E4065009ED7F7 /* SimplePageUITests.swift */,
				5ED7E4EF279E4065009ED7F7 /* SimplePageUITestsLaunchTests.swift */,
			);
			path = SimplePageUITests;
			sourceTree = "<group>";
		};
/* End PBXGroup section */

/* Begin PBXNativeTarget section */
		5ED7E4C8279E4064009ED7F7 /* SimplePage */ = {
			isa = PBXNativeTarget;
			buildConfigurationList = 5ED7E4F3279E4065009ED7F7 /* Build configuration list for PBXNativeTarget "SimplePage" */;
			buildPhases = (
				5ED7E4C5279E4064009ED7F7 /* Sources */,
				5ED7E4C6279E4064009ED7F7 /* Frameworks */,
				5ED7E4C7279E4064009ED7F7 /* Resources */,
			);
			buildRules = (
			);
			dependencies = (
			);
			name = SimplePage;
			productName = SimplePage;
			productReference = 5ED7E4C9279E4064009ED7F7 /* SimplePage.app */;
			productType = "com.apple.product-type.application";
		};
		5ED7E4DE279E4065009ED7F7 /* SimplePageTests */ = {
			isa = PBXNativeTarget;
			buildConfigurationList = 5ED7E4F6279E4065009ED7F7 /* Build configuration list for PBXNativeTarget "SimplePageTests" */;
			buildPhases = (
				5ED7E4DB279E4065009ED7F7 /* Sources */,
				5ED7E4DC279E4065009ED7F7 /* Frameworks */,
				5ED7E4DD279E4065009ED7F7 /* Resources */,
			);
			buildRules = (
			);
			dependencies = (
				5ED7E4E1279E4065009ED7F7 /* PBXTargetDependency */,
			);
			name = SimplePageTests;
			productName = SimplePageTests;
			productReference = 5ED7E4DF279E4065009ED7F7 /* SimplePageTests.xctest */;
			productType = "com.apple.product-type.bundle.unit-test";
		};
		5ED7E4E8279E4065009ED7F7 /* SimplePageUITests */ = {
			isa = PBXNativeTarget;
			buildConfigurationList = 5ED7E4F9279E4065009ED7F7 /* Build configuration list for PBXNativeTarget "SimplePageUITests" */;
			buildPhases = (
				5ED7E4E5279E4065009ED7F7 /* Sources */,
				5ED7E4E6279E4065009ED7F7 /* Frameworks */,
				5ED7E4E7279E4065009ED7F7 /* Resources */,
			);
			buildRules = (
			);
			dependencies = (
				5ED7E4EB279E4065009ED7F7 /* PBXTargetDependency */,
			);
			name = SimplePageUITests;
			productName = SimplePageUITests;
			productReference = 5ED7E4E9279E4065009ED7F7 /* SimplePageUITests.xctest */;
			productType = "com.apple.product-type.bundle.ui-testing";
		};
/* End PBXNativeTarget section */

/* Begin PBXProject section */
		5ED7E4C1279E4064009ED7F7 /* Project object */ = {
			isa = PBXProject;
			attributes = {
				BuildIndependentTargetsInParallel = 1;
				LastSwiftUpdateCheck = 1320;
				LastUpgradeCheck = 1320;
				TargetAttributes = {
					5ED7E4C8279E4064009ED7F7 = {
						CreatedOnToolsVersion = 13.2.1;
					};
					5ED7E4DE279E4065009ED7F7 = {
						CreatedOnToolsVersion = 13.2.1;
						TestTargetID = 5ED7E4C8279E4064009ED7F7;
					};
					5ED7E4E8279E4065009ED7F7 = {
						CreatedOnToolsVersion = 13.2.1;
						TestTargetID = 5ED7E4C8279E4064009ED7F7;
					};
				};
			};
			buildConfigurationList = 5ED7E4C4279E4064009ED7F7 /* Build configuration list for PBXProject "SimplePage" */;
			compatibilityVersion = "Xcode 13.0";
			developmentRegion = en;
			hasScannedForEncodings = 0;
			knownRegions = (
				en,
				Base,
			);
			mainGroup = 5ED7E4C0279E4064009ED7F7;
			productRefGroup = 5ED7E4CA279E4064009ED7F7 /* Products */;
			projectDirPath = "";
			projectRoot = "";
			targets = (
				5ED7E4C8279E4064009ED7F7 /* SimplePage */,
				5ED7E4DE279E4065009ED7F7 /* SimplePageTests */,
				5ED7E4E8279E4065009ED7F7 /* SimplePageUITests */,
			);
		};
/* End PBXProject section */

/* Begin PBXResourcesBuildPhase section */
		5ED7E4C7279E4064009ED7F7 /* Resources */ = {
			isa = PBXResourcesBuildPhase;
			buildActionMask = 2147483647;
			files = (
				5ED7E4D9279E4064009ED7F7 /* LaunchScreen.storyboard in Resources */,
				5ED7E4D6279E4064009ED7F7 /* Assets.xcassets in Resources */,
				5ED7E4D4279E4064009ED7F7 /* Main.storyboard in Resources */,
			);
			runOnlyForDeploymentPostprocessing = 0;
		};
		5ED7E4DD279E4065009ED7F7 /* Resources */ = {
			isa = PBXResourcesBuildPhase;
			buildActionMask = 2147483647;
			files = (
			);
			runOnlyForDeploymentPostprocessing = 0;
		};
		5ED7E4E7279E4065009ED7F7 /* Resources */ = {
			isa = PBXResourcesBuildPhase;
			buildActionMask = 2147483647;
			files = (
			);
			runOnlyForDeploymentPostprocessing = 0;
		};
/* End PBXResourcesBuildPhase section */

/* Begin PBXSourcesBuildPhase section */
		5ED7E4C5279E4064009ED7F7 /* Sources */ = {
			isa = PBXSourcesBuildPhase;
			buildActionMask = 2147483647;
			files = (
				5ED7E4D1279E4064009ED7F7 /* ViewController.swift in Sources */,
				5ED7E4CD279E4064009ED7F7 /* AppDelegate.swift in Sources */,
				5ED7E4CF279E4064009ED7F7 /* SceneDelegate.swift in Sources */,
			);
			runOnlyForDeploymentPostprocessing = 0;
		};
		5ED7E4DB279E4065009ED7F7 /* Sources */ = {
			isa = PBXSourcesBuildPhase;
			buildActionMask = 2147483647;
			files = (
				5ED7E4E4279E4065009ED7F7 /* SimplePageTests.swift in Sources */,
			);
			runOnlyForDeploymentPostprocessing = 0;
		};
		5ED7E4E5279E4065009ED7F7 /* Sources */ = {
			isa = PBXSourcesBuildPhase;
			buildActionMask = 2147483647;
			files = (
				5ED7E4EE279E4065009ED7F7 /* SimplePageUITests.swift in Sources */,
				5ED7E4F0279E4065009ED7F7 /* SimplePageUITestsLaunchTests.swift in Sources */,
			);
			runOnlyForDeploymentPostprocessing = 0;
		};
/* End PBXSourcesBuildPhase section */

/* Begin PBXTargetDependency section */
		5ED7E4E1279E4065009ED7F7 /* PBXTargetDependency */ = {
			isa = PBXTargetDependency;
			target = 5ED7E4C8279E4064009ED7F7 /* SimplePage */;
			targetProxy = 5ED7E4E0279E4065009ED7F7 /* PBXContainerItemProxy */;
		};
		5ED7E4EB279E4065009ED7F7 /* PBXTargetDependency */ = {
			isa = PBXTargetDependency;
			target = 5ED7E4C8279E4064009ED7F7 /* SimplePage */;
			targetProxy = 5ED7E4EA279E4065009ED7F7 /* PBXContainerItemProxy */;
		};
/* End PBXTargetDependency section */

/* Begin PBXVariantGroup section */
		5ED7E4D2279E4064009ED7F7 /* Main.storyboard */ = {
			isa = PBXVariantGroup;
			children = (
				5ED7E4D3279E4064009ED7F7 /* Base */,
			);
			name = Main.storyboard;
			sourceTree = "<group>";
		};
		5ED7E4D7279E4064009ED7F7 /* LaunchScreen.storyboard */ = {
			isa = PBXVariantGroup;
			children = (
				5ED7E4D8279E4064009ED7F7 /* Base */,
			);
			name = LaunchScreen.storyboard;
			sourceTree = "<group>";
		};
/* End PBXVariantGroup section */

/* Begin XCBuildConfiguration section */
		5ED7E4F1279E4065009ED7F7 /* Debug */ = {
			isa = XCBuildConfiguration;
			buildSettings = {
				ALWAYS_SEARCH_USER_PATHS = NO;
				CLANG_ANALYZER_NONNULL = YES;
				CLANG_ANALYZER_NUMBER_OBJECT_CONVERSION = YES_AGGRESSIVE;
				CLANG_CXX_LANGUAGE_STANDARD = "gnu++17";
				CLANG_CXX_LIBRARY = "libc++";
				CLANG_ENABLE_MODULES = YES;
				CLANG_ENABLE_OBJC_ARC = YES;
				CLANG_ENABLE_OBJC_WEAK = YES;
				CLANG_WARN_BLOCK_CAPTURE_AUTORELEASING = YES;
				CLANG_WARN_BOOL_CONVERSION = YES;
				CLANG_WARN_COMMA = YES;
				CLANG_WARN_CONSTANT_CONVERSION = YES;
				CLANG_WARN_DEPRECATED_OBJC_IMPLEMENTATIONS = YES;
				CLANG_WARN_DIRECT_OBJC_ISA_USAGE = YES_ERROR;
				CLANG_WARN_DOCUMENTATION_COMMENTS = YES;
				CLANG_WARN_EMPTY_BODY = YES;
				CLANG_WARN_ENUM_CONVERSION = YES;
				CLANG_WARN_INFINITE_RECURSION = YES;
				CLANG_WARN_INT_CONVERSION = YES;
				CLANG_WARN_NON_LITERAL_NULL_CONVERSION = YES;
				CLANG_WARN_OBJC_IMPLICIT_RETAIN_SELF = YES;
				CLANG_WARN_OBJC_LITERAL_CONVERSION = YES;
				CLANG_WARN_OBJC_ROOT_CLASS = YES_ERROR;
				CLANG_WARN_QUOTED_INCLUDE_IN_FRAMEWORK_HEADER = YES;
				CLANG_WARN_RANGE_LOOP_ANALYSIS = YES;
				CLANG_WARN_STRICT_PROTOTYPES = YES;
				CLANG_WARN_SUSPICIOUS_MOVE = YES;
				CLANG_WARN_UNGUARDED_AVAILABILITY = YES_AGGRESSIVE;
				CLANG_WARN_UNREACHABLE_CODE = YES;
				CLANG_WARN__DUPLICATE_METHOD_MATCH = YES;
				COPY_PHASE_STRIP = NO;
				DEBUG_INFORMATION_FORMAT = dwarf;
				ENABLE_STRICT_OBJC_MSGSEND = YES;
				ENABLE_TESTABILITY = YES;
				GCC_C_LANGUAGE_STANDARD = gnu11;
				GCC_DYNAMIC_NO_PIC = NO;
				GCC_NO_COMMON_BLOCKS = YES;
				GCC_OPTIMIZATION_LEVEL = 0;
				GCC_PREPROCESSOR_DEFINITIONS = (
					"DEBUG=1",
					"$(inherited)",
				);
				GCC_WARN_64_TO_32_BIT_CONVERSION = YES;
				GCC_WARN_ABOUT_RETURN_TYPE = YES_ERROR;
				GCC_WARN_UNDECLARED_SELECTOR = YES;
				GCC_WARN_UNINITIALIZED_AUTOS = YES_AGGRESSIVE;
				GCC_WARN_UNUSED_FUNCTION = YES;
				GCC_WARN_UNUSED_VARIABLE = YES;
				IPHONEOS_DEPLOYMENT_TARGET = 15.2;
				MTL_ENABLE_DEBUG_INFO = INCLUDE_SOURCE;
				MTL_FAST_MATH = YES;
				ONLY_ACTIVE_ARCH = YES;
				SDKROOT = iphoneos;
				SWIFT_ACTIVE_COMPILATION_CONDITIONS = DEBUG;
				SWIFT_OPTIMIZATION_LEVEL = "-Onone";
			};
			name = Debug;
		};
		5ED7E4F2279E4065009ED7F7 /* Release */ = {
			isa = XCBuildConfiguration;
			buildSettings = {
				ALWAYS_SEARCH_USER_PATHS = NO;
				CLANG_ANALYZER_NONNULL = YES;
				CLANG_ANALYZER_NUMBER_OBJECT_CONVERSION = YES_AGGRESSIVE;
				CLANG_CXX_LANGUAGE_STANDARD = "gnu++17";
				CLANG_CXX_LIBRARY = "libc++";
				CLANG_ENABLE_MODULES = YES;
				CLANG_ENABLE_OBJC_ARC = YES;
				CLANG_ENABLE_OBJC_WEAK = YES;
				CLANG_WARN_BLOCK_CAPTURE_AUTORELEASING = YES;
				CLANG_WARN_BOOL_CONVERSION = YES;
				CLANG_WARN_COMMA = YES;
				CLANG_WARN_CONSTANT_CONVERSION = YES;
				CLANG_WARN_DEPRECATED_OBJC_IMPLEMENTATIONS = YES;
				CLANG_WARN_DIRECT_OBJC_ISA_USAGE = YES_ERROR;
				CLANG_WARN_DOCUMENTATION_COMMENTS = YES;
				CLANG_WARN_EMPTY_BODY = YES;
				CLANG_WARN_ENUM_CONVERSION = YES;
				CLANG_WARN_INFINITE_RECURSION = YES;
				CLANG_WARN_INT_CONVERSION = YES;
				CLANG_WARN_NON_LITERAL_NULL_CONVERSION = YES;
				CLANG_WARN_OBJC_IMPLICIT_RETAIN_SELF = YES;
				CLANG_WARN_OBJC_LITERAL_CONVERSION = YES;
				CLANG_WARN_OBJC_ROOT_CLASS = YES_ERROR;
				CLANG_WARN_QUOTED_INCLUDE_IN_FRAMEWORK_HEADER = YES;
				CLANG_WARN_RANGE_LOOP_ANALYSIS = YES;
				CLANG_WARN_STRICT_PROTOTYPES = YES;
				CLANG_WARN_SUSPICIOUS_MOVE = YES;
				CLANG_WARN_UNGUARDED_AVAILABILITY = YES_AGGRESSIVE;
				CLANG_WARN_UNREACHABLE_CODE = YES;
				CLANG_WARN__DUPLICATE_METHOD_MATCH = YES;
				COPY_PHASE_STRIP = NO;
				DEBUG_INFORMATION_FORMAT = "dwarf-with-dsym";
				ENABLE_NS_ASSERTIONS = NO;
				ENABLE_STRICT_OBJC_MSGSEND = YES;
				GCC_C_LANGUAGE_STANDARD = gnu11;
				GCC_NO_COMMON_BLOCKS = YES;
				GCC_WARN_64_TO_32_BIT_CONVERSION = YES;
				GCC_WARN_ABOUT_RETURN_TYPE = YES_ERROR;
				GCC_WARN_UNDECLARED_SELECTOR = YES;
				GCC_WARN_UNINITIALIZED_AUTOS = YES_AGGRESSIVE;
				GCC_WARN_UNUSED_FUNCTION = YES;
				GCC_WARN_UNUSED_VARIABLE = YES;
				IPHONEOS_DEPLOYMENT_TARGET = 15.2;
				MTL_ENABLE_DEBUG_INFO = NO;
				MTL_FAST_MATH = YES;
				SDKROOT = iphoneos;
				SWIFT_COMPILATION_MODE = wholemodule;
				SWIFT_OPTIMIZATION_LEVEL = "-O";
				VALIDATE_PRODUCT = YES;
			};
			name = Release;
		};
		5ED7E4F4279E4065009ED7F7 /* Debug */ = {
			isa = XCBuildConfiguration;
			buildSettings = {
				ASSETCATALOG_COMPILER_APPICON_NAME = AppIcon;
				ASSETCATALOG_COMPILER_GLOBAL_ACCENT_COLOR_NAME = AccentColor;
				CODE_SIGN_STYLE = Automatic;
				CURRENT_PROJECT_VERSION = 1;
				DEVELOPMENT_TEAM = GG34S672YX;
				GENERATE_INFOPLIST_FILE = YES;
				INFOPLIST_FILE = SimplePage/Info.plist;
				INFOPLIST_KEY_UIApplicationSupportsIndirectInputEvents = YES;
				INFOPLIST_KEY_UILaunchStoryboardName = LaunchScreen;
				INFOPLIST_KEY_UIMainStoryboardFile = Main;
				INFOPLIST_KEY_UISupportedInterfaceOrientations_iPad = "UIInterfaceOrientationPortrait UIInterfaceOrientationPortraitUpsideDown UIInterfaceOrientationLandscapeLeft UIInterfaceOrientationLandscapeRight";
				INFOPLIST_KEY_UISupportedInterfaceOrientations_iPhone = "UIInterfaceOrientationPortrait UIInterfaceOrientationLandscapeLeft UIInterfaceOrientationLandscapeRight";
				LD_RUNPATH_SEARCH_PATHS = (
					"$(inherited)",
					"@executable_path/Frameworks",
				);
				MARKETING_VERSION = 1.0;
				PRODUCT_BUNDLE_IDENTIFIER = jujube0.SimplePage;
				PRODUCT_NAME = "$(TARGET_NAME)";
				SWIFT_EMIT_LOC_STRINGS = YES;
				SWIFT_VERSION = 5.0;
				TARGETED_DEVICE_FAMILY = "1,2";
			};
			name = Debug;
		};
		5ED7E4F5279E4065009ED7F7 /* Release */ = {
			isa = XCBuildConfiguration;
			buildSettings = {
				ASSETCATALOG_COMPILER_APPICON_NAME = AppIcon;
				ASSETCATALOG_COMPILER_GLOBAL_ACCENT_COLOR_NAME = AccentColor;
				CODE_SIGN_STYLE = Automatic;
				CURRENT_PROJECT_VERSION = 1;
				DEVELOPMENT_TEAM = GG34S672YX;
				GENERATE_INFOPLIST_FILE = YES;
				INFOPLIST_FILE = SimplePage/Info.plist;
				INFOPLIST_KEY_UIApplicationSupportsIndirectInputEvents = YES;
				INFOPLIST_KEY_UILaunchStoryboardName = LaunchScreen;
				INFOPLIST_KEY_UIMainStoryboardFile = Main;
				INFOPLIST_KEY_UISupportedInterfaceOrientations_iPad = "UIInterfaceOrientationPortrait UIInterfaceOrientationPortraitUpsideDown UIInterfaceOrientationLandscapeLeft UIInterfaceOrientationLandscapeRight";
				INFOPLIST_KEY_UISupportedInterfaceOrientations_iPhone = "UIInterfaceOrientationPortrait UIInterfaceOrientationLandscapeLeft UIInterfaceOrientationLandscapeRight";
				LD_RUNPATH_SEARCH_PATHS = (
					"$(inherited)",
					"@executable_path/Frameworks",
				);
				MARKETING_VERSION = 1.0;
				PRODUCT_BUNDLE_IDENTIFIER = jujube0.SimplePage;
				PRODUCT_NAME = "$(TARGET_NAME)";
				SWIFT_EMIT_LOC_STRINGS = YES;
				SWIFT_VERSION = 5.0;
				TARGETED_DEVICE_FAMILY = "1,2";
			};
			name = Release;
		};
		5ED7E4F7279E4065009ED7F7 /* Debug */ = {
			isa = XCBuildConfiguration;
			buildSettings = {
				ALWAYS_EMBED_SWIFT_STANDARD_LIBRARIES = YES;
				BUNDLE_LOADER = "$(TEST_HOST)";
				CODE_SIGN_STYLE = Automatic;
				CURRENT_PROJECT_VERSION = 1;
				DEVELOPMENT_TEAM = GG34S672YX;
				GENERATE_INFOPLIST_FILE = YES;
				IPHONEOS_DEPLOYMENT_TARGET = 15.2;
				MARKETING_VERSION = 1.0;
				PRODUCT_BUNDLE_IDENTIFIER = jujube0.SimplePageTests;
				PRODUCT_NAME = "$(TARGET_NAME)";
				SWIFT_EMIT_LOC_STRINGS = NO;
				SWIFT_VERSION = 5.0;
				TARGETED_DEVICE_FAMILY = "1,2";
				TEST_HOST = "$(BUILT_PRODUCTS_DIR)/SimplePage.app/SimplePage";
			};
			name = Debug;
		};
		5ED7E4F8279E4065009ED7F7 /* Release */ = {
			isa = XCBuildConfiguration;
			buildSettings = {
				ALWAYS_EMBED_SWIFT_STANDARD_LIBRARIES = YES;
				BUNDLE_LOADER = "$(TEST_HOST)";
				CODE_SIGN_STYLE = Automatic;
				CURRENT_PROJECT_VERSION = 1;
				DEVELOPMENT_TEAM = GG34S672YX;
				GENERATE_INFOPLIST_FILE = YES;
				IPHONEOS_DEPLOYMENT_TARGET = 15.2;
				MARKETING_VERSION = 1.0;
				PRODUCT_BUNDLE_IDENTIFIER = jujube0.SimplePageTests;
				PRODUCT_NAME = "$(TARGET_NAME)";
				SWIFT_EMIT_LOC_STRINGS = NO;
				SWIFT_VERSION = 5.0;
				TARGETED_DEVICE_FAMILY = "1,2";
				TEST_HOST = "$(BUILT_PRODUCTS_DIR)/SimplePage.app/SimplePage";
			};
			name = Release;
		};
		5ED7E4FA279E4065009ED7F7 /* Debug */ = {
			isa = XCBuildConfiguration;
			buildSettings = {
				ALWAYS_EMBED_SWIFT_STANDARD_LIBRARIES = YES;
				CODE_SIGN_STYLE = Automatic;
				CURRENT_PROJECT_VERSION = 1;
				DEVELOPMENT_TEAM = GG34S672YX;
				GENERATE_INFOPLIST_FILE = YES;
				MARKETING_VERSION = 1.0;
				PRODUCT_BUNDLE_IDENTIFIER = jujube0.SimplePageUITests;
				PRODUCT_NAME = "$(TARGET_NAME)";
				SWIFT_EMIT_LOC_STRINGS = NO;
				SWIFT_VERSION = 5.0;
				TARGETED_DEVICE_FAMILY = "1,2";
				TEST_TARGET_NAME = SimplePage;
			};
			name = Debug;
		};
		5ED7E4FB279E4065009ED7F7 /* Release */ = {
			isa = XCBuildConfiguration;
			buildSettings = {
				ALWAYS_EMBED_SWIFT_STANDARD_LIBRARIES = YES;
				CODE_SIGN_STYLE = Automatic;
				CURRENT_PROJECT_VERSION = 1;
				DEVELOPMENT_TEAM = GG34S672YX;
				GENERATE_INFOPLIST_FILE = YES;
				MARKETING_VERSION = 1.0;
				PRODUCT_BUNDLE_IDENTIFIER = jujube0.SimplePageUITests;
				PRODUCT_NAME = "$(TARGET_NAME)";
				SWIFT_EMIT_LOC_STRINGS = NO;
				SWIFT_VERSION = 5.0;
				TARGETED_DEVICE_FAMILY = "1,2";
				TEST_TARGET_NAME = SimplePage;
			};
			name = Release;
		};
/* End XCBuildConfiguration section */

/* Begin XCConfigurationList section */
		5ED7E4C4279E4064009ED7F7 /* Build configuration list for PBXProject "SimplePage" */ = {
			isa = XCConfigurationList;
			buildConfigurations = (
				5ED7E4F1279E4065009ED7F7 /* Debug */,
				5ED7E4F2279E4065009ED7F7 /* Release */,
			);
			defaultConfigurationIsVisible = 0;
			defaultConfigurationName = Release;
		};
		5ED7E4F3279E4065009ED7F7 /* Build configuration list for PBXNativeTarget "SimplePage" */ = {
			isa = XCConfigurationList;
			buildConfigurations = (
				5ED7E4F4279E4065009ED7F7 /* Debug */,
				5ED7E4F5279E4065009ED7F7 /* Release */,
			);
			defaultConfigurationIsVisible = 0;
			defaultConfigurationName = Release;
		};
		5ED7E4F6279E4065009ED7F7 /* Build configuration list for PBXNativeTarget "SimplePageTests" */ = {
			isa = XCConfigurationList;
			buildConfigurations = (
				5ED7E4F7279E4065009ED7F7 /* Debug */,
				5ED7E4F8279E4065009ED7F7 /* Release */,
			);
			defaultConfigurationIsVisible = 0;
			defaultConfigurationName = Release;
		};
		5ED7E4F9279E4065009ED7F7 /* Build configuration list for PBXNativeTarget "SimplePageUITests" */ = {
			isa = XCConfigurationList;
			buildConfigurations = (
				5ED7E4FA279E4065009ED7F7 /* Debug */,
				5ED7E4FB279E4065009ED7F7 /* Release */,
			);
			defaultConfigurationIsVisible = 0;
			defaultConfigurationName = Release;
		};
/* End XCConfigurationList section */
	};
	rootObject = 5ED7E4C1279E4064009ED7F7 /* Project object */;
}
