// !$*UTF8*$!
{
	archiveVersion = 1;
	classes = {
	};
	objectVersion = 55;
	objects = {

/* Begin PBXBuildFile section */
		5E790C34279E4F42003AF8DA /* WebtoonTableViewController.swift in Sources */ = {isa = PBXBuildFile; fileRef = 5E790C33279E4F42003AF8DA /* WebtoonTableViewController.swift */; };
		5E790C36279E988E003AF8DA /* WebtoonCell.swift in Sources */ = {isa = PBXBuildFile; fileRef = 5E790C35279E988E003AF8DA /* WebtoonCell.swift */; };
		5E790C38279FC079003AF8DA /* PurchaseViewController.swift in Sources */ = {isa = PBXBuildFile; fileRef = 5E790C37279FC079003AF8DA /* PurchaseViewController.swift */; };
		5E790C3A279FC132003AF8DA /* WebtoonModel.swift in Sources */ = {isa = PBXBuildFile; fileRef = 5E790C39279FC132003AF8DA /* WebtoonModel.swift */; };
		5E790C3D279FCCB9003AF8DA /* PurchaseModel.swift in Sources */ = {isa = PBXBuildFile; fileRef = 5E790C3C279FCCB9003AF8DA /* PurchaseModel.swift */; };
		5E790C3F279FCDF5003AF8DA /* PurchaseDataSource.swift in Sources */ = {isa = PBXBuildFile; fileRef = 5E790C3E279FCDF5003AF8DA /* PurchaseDataSource.swift */; };
		5E790C47279FF5E1003AF8DA /* PurchaseUITests.swift in Sources */ = {isa = PBXBuildFile; fileRef = 5E790C46279FF5E1003AF8DA /* PurchaseUITests.swift */; };
		5E790C4B27A0EB97003AF8DA /* webtoons.json in Resources */ = {isa = PBXBuildFile; fileRef = 5E790C4A27A0EB97003AF8DA /* webtoons.json */; };
		5E790C4D27A10324003AF8DA /* errors.swift in Sources */ = {isa = PBXBuildFile; fileRef = 5E790C4C27A10324003AF8DA /* errors.swift */; };
		5ED7E50B279E45B1009ED7F7 /* AppDelegate.swift in Sources */ = {isa = PBXBuildFile; fileRef = 5ED7E50A279E45B1009ED7F7 /* AppDelegate.swift */; };
		5ED7E50D279E45B1009ED7F7 /* SceneDelegate.swift in Sources */ = {isa = PBXBuildFile; fileRef = 5ED7E50C279E45B1009ED7F7 /* SceneDelegate.swift */; };
		5ED7E512279E45B1009ED7F7 /* Main.storyboard in Resources */ = {isa = PBXBuildFile; fileRef = 5ED7E510279E45B1009ED7F7 /* Main.storyboard */; };
		5ED7E514279E45B1009ED7F7 /* Assets.xcassets in Resources */ = {isa = PBXBuildFile; fileRef = 5ED7E513279E45B1009ED7F7 /* Assets.xcassets */; };
		5ED7E517279E45B1009ED7F7 /* LaunchScreen.storyboard in Resources */ = {isa = PBXBuildFile; fileRef = 5ED7E515279E45B1009ED7F7 /* LaunchScreen.storyboard */; };
		5ED7E522279E45B1009ED7F7 /* PageAppTests.swift in Sources */ = {isa = PBXBuildFile; fileRef = 5ED7E521279E45B1009ED7F7 /* PageAppTests.swift */; };
		5ED7E52C279E45B1009ED7F7 /* PageAppUITests.swift in Sources */ = {isa = PBXBuildFile; fileRef = 5ED7E52B279E45B1009ED7F7 /* PageAppUITests.swift */; };
		5ED7E52E279E45B1009ED7F7 /* PageAppUITestsLaunchTests.swift in Sources */ = {isa = PBXBuildFile; fileRef = 5ED7E52D279E45B1009ED7F7 /* PageAppUITestsLaunchTests.swift */; };
		5ED7E53E279E4663009ED7F7 /* WebtoonDataSource.swift in Sources */ = {isa = PBXBuildFile; fileRef = 5ED7E53D279E4663009ED7F7 /* WebtoonDataSource.swift */; };
/* End PBXBuildFile section */

/* Begin PBXContainerItemProxy section */
		5ED7E51E279E45B1009ED7F7 /* PBXContainerItemProxy */ = {
			isa = PBXContainerItemProxy;
			containerPortal = 5ED7E4FF279E45B0009ED7F7 /* Project object */;
			proxyType = 1;
			remoteGlobalIDString = 5ED7E506279E45B1009ED7F7;
			remoteInfo = PageApp;
		};
		5ED7E528279E45B1009ED7F7 /* PBXContainerItemProxy */ = {
			isa = PBXContainerItemProxy;
			containerPortal = 5ED7E4FF279E45B0009ED7F7 /* Project object */;
			proxyType = 1;
			remoteGlobalIDString = 5ED7E506279E45B1009ED7F7;
			remoteInfo = PageApp;
		};
/* End PBXContainerItemProxy section */

/* Begin PBXFileReference section */
		5E790C33279E4F42003AF8DA /* WebtoonTableViewController.swift */ = {isa = PBXFileReference; lastKnownFileType = sourcecode.swift; path = WebtoonTableViewController.swift; sourceTree = "<group>"; };
		5E790C35279E988E003AF8DA /* WebtoonCell.swift */ = {isa = PBXFileReference; lastKnownFileType = sourcecode.swift; path = WebtoonCell.swift; sourceTree = "<group>"; };
		5E790C37279FC079003AF8DA /* PurchaseViewController.swift */ = {isa = PBXFileReference; lastKnownFileType = sourcecode.swift; path = PurchaseViewController.swift; sourceTree = "<group>"; };
		5E790C39279FC132003AF8DA /* WebtoonModel.swift */ = {isa = PBXFileReference; lastKnownFileType = sourcecode.swift; path = WebtoonModel.swift; sourceTree = "<group>"; };
		5E790C3C279FCCB9003AF8DA /* PurchaseModel.swift */ = {isa = PBXFileReference; lastKnownFileType = sourcecode.swift; path = PurchaseModel.swift; sourceTree = "<group>"; };
		5E790C3E279FCDF5003AF8DA /* PurchaseDataSource.swift */ = {isa = PBXFileReference; lastKnownFileType = sourcecode.swift; path = PurchaseDataSource.swift; sourceTree = "<group>"; };
		5E790C46279FF5E1003AF8DA /* PurchaseUITests.swift */ = {isa = PBXFileReference; lastKnownFileType = sourcecode.swift; path = PurchaseUITests.swift; sourceTree = "<group>"; };
		5E790C4A27A0EB97003AF8DA /* webtoons.json */ = {isa = PBXFileReference; lastKnownFileType = text.json; path = webtoons.json; sourceTree = "<group>"; };
		5E790C4C27A10324003AF8DA /* errors.swift */ = {isa = PBXFileReference; lastKnownFileType = sourcecode.swift; path = errors.swift; sourceTree = "<group>"; };
		5ED7E507279E45B1009ED7F7 /* PageApp.app */ = {isa = PBXFileReference; explicitFileType = wrapper.application; includeInIndex = 0; path = PageApp.app; sourceTree = BUILT_PRODUCTS_DIR; };
		5ED7E50A279E45B1009ED7F7 /* AppDelegate.swift */ = {isa = PBXFileReference; lastKnownFileType = sourcecode.swift; path = AppDelegate.swift; sourceTree = "<group>"; };
		5ED7E50C279E45B1009ED7F7 /* SceneDelegate.swift */ = {isa = PBXFileReference; lastKnownFileType = sourcecode.swift; path = SceneDelegate.swift; sourceTree = "<group>"; };
		5ED7E511279E45B1009ED7F7 /* Base */ = {isa = PBXFileReference; lastKnownFileType = file.storyboard; name = Base; path = Base.lproj/Main.storyboard; sourceTree = "<group>"; };
		5ED7E513279E45B1009ED7F7 /* Assets.xcassets */ = {isa = PBXFileReference; lastKnownFileType = folder.assetcatalog; path = Assets.xcassets; sourceTree = "<group>"; };
		5ED7E516279E45B1009ED7F7 /* Base */ = {isa = PBXFileReference; lastKnownFileType = file.storyboard; name = Base; path = Base.lproj/LaunchScreen.storyboard; sourceTree = "<group>"; };
		5ED7E518279E45B1009ED7F7 /* Info.plist */ = {isa = PBXFileReference; lastKnownFileType = text.plist.xml; path = Info.plist; sourceTree = "<group>"; };
		5ED7E51D279E45B1009ED7F7 /* PageAppTests.xctest */ = {isa = PBXFileReference; explicitFileType = wrapper.cfbundle; includeInIndex = 0; path = PageAppTests.xctest; sourceTree = BUILT_PRODUCTS_DIR; };
		5ED7E521279E45B1009ED7F7 /* PageAppTests.swift */ = {isa = PBXFileReference; lastKnownFileType = sourcecode.swift; path = PageAppTests.swift; sourceTree = "<group>"; };
		5ED7E527279E45B1009ED7F7 /* PageAppUITests.xctest */ = {isa = PBXFileReference; explicitFileType = wrapper.cfbundle; includeInIndex = 0; path = PageAppUITests.xctest; sourceTree = BUILT_PRODUCTS_DIR; };
		5ED7E52B279E45B1009ED7F7 /* PageAppUITests.swift */ = {isa = PBXFileReference; lastKnownFileType = sourcecode.swift; path = PageAppUITests.swift; sourceTree = "<group>"; };
		5ED7E52D279E45B1009ED7F7 /* PageAppUITestsLaunchTests.swift */ = {isa = PBXFileReference; lastKnownFileType = sourcecode.swift; path = PageAppUITestsLaunchTests.swift; sourceTree = "<group>"; };
		5ED7E53D279E4663009ED7F7 /* WebtoonDataSource.swift */ = {isa = PBXFileReference; lastKnownFileType = sourcecode.swift; path = WebtoonDataSource.swift; sourceTree = "<group>"; };
/* End PBXFileReference section */

/* Begin PBXFrameworksBuildPhase section */
		5ED7E504279E45B1009ED7F7 /* Frameworks */ = {
			isa = PBXFrameworksBuildPhase;
			buildActionMask = 2147483647;
			files = (
			);
			runOnlyForDeploymentPostprocessing = 0;
		};
		5ED7E51A279E45B1009ED7F7 /* Frameworks */ = {
			isa = PBXFrameworksBuildPhase;
			buildActionMask = 2147483647;
			files = (
			);
			runOnlyForDeploymentPostprocessing = 0;
		};
		5ED7E524279E45B1009ED7F7 /* Frameworks */ = {
			isa = PBXFrameworksBuildPhase;
			buildActionMask = 2147483647;
			files = (
			);
			runOnlyForDeploymentPostprocessing = 0;
		};
/* End PBXFrameworksBuildPhase section */

/* Begin PBXGroup section */
		5E790C3B279FCC1E003AF8DA /* Purchase */ = {
			isa = PBXGroup;
			children = (
				5E790C37279FC079003AF8DA /* PurchaseViewController.swift */,
				5E790C3C279FCCB9003AF8DA /* PurchaseModel.swift */,
				5E790C3E279FCDF5003AF8DA /* PurchaseDataSource.swift */,
			);
			path = Purchase;
			sourceTree = "<group>";
		};
		5ED7E4FE279E45B0009ED7F7 = {
			isa = PBXGroup;
			children = (
				5ED7E509279E45B1009ED7F7 /* PageApp */,
				5ED7E520279E45B1009ED7F7 /* PageAppTests */,
				5ED7E52A279E45B1009ED7F7 /* PageAppUITests */,
				5ED7E508279E45B1009ED7F7 /* Products */,
			);
			sourceTree = "<group>";
		};
		5ED7E508279E45B1009ED7F7 /* Products */ = {
			isa = PBXGroup;
			children = (
				5ED7E507279E45B1009ED7F7 /* PageApp.app */,
				5ED7E51D279E45B1009ED7F7 /* PageAppTests.xctest */,
				5ED7E527279E45B1009ED7F7 /* PageAppUITests.xctest */,
			);
			name = Products;
			sourceTree = "<group>";
		};
		5ED7E509279E45B1009ED7F7 /* PageApp */ = {
			isa = PBXGroup;
			children = (
				5E790C3B279FCC1E003AF8DA /* Purchase */,
				5ED7E53A279E4639009ED7F7 /* Webtoon */,
				5ED7E50A279E45B1009ED7F7 /* AppDelegate.swift */,
				5ED7E50C279E45B1009ED7F7 /* SceneDelegate.swift */,
				5ED7E510279E45B1009ED7F7 /* Main.storyboard */,
				5E790C4C27A10324003AF8DA /* errors.swift */,
				5ED7E513279E45B1009ED7F7 /* Assets.xcassets */,
				5ED7E515279E45B1009ED7F7 /* LaunchScreen.storyboard */,
				5ED7E518279E45B1009ED7F7 /* Info.plist */,
			);
			path = PageApp;
			sourceTree = "<group>";
		};
		5ED7E520279E45B1009ED7F7 /* PageAppTests */ = {
			isa = PBXGroup;
			children = (
				5ED7E521279E45B1009ED7F7 /* PageAppTests.swift */,
			);
			path = PageAppTests;
			sourceTree = "<group>";
		};
		5ED7E52A279E45B1009ED7F7 /* PageAppUITests */ = {
			isa = PBXGroup;
			children = (
				5ED7E52B279E45B1009ED7F7 /* PageAppUITests.swift */,
				5ED7E52D279E45B1009ED7F7 /* PageAppUITestsLaunchTests.swift */,
				5E790C46279FF5E1003AF8DA /* PurchaseUITests.swift */,
			);
			path = PageAppUITests;
			sourceTree = "<group>";
		};
		5ED7E53A279E4639009ED7F7 /* Webtoon */ = {
			isa = PBXGroup;
			children = (
				5ED7E53D279E4663009ED7F7 /* WebtoonDataSource.swift */,
				5E790C4A27A0EB97003AF8DA /* webtoons.json */,
				5E790C33279E4F42003AF8DA /* WebtoonTableViewController.swift */,
				5E790C35279E988E003AF8DA /* WebtoonCell.swift */,
				5E790C39279FC132003AF8DA /* WebtoonModel.swift */,
			);
			path = Webtoon;
			sourceTree = "<group>";
		};
/* End PBXGroup section */

/* Begin PBXNativeTarget section */
		5ED7E506279E45B1009ED7F7 /* PageApp */ = {
			isa = PBXNativeTarget;
			buildConfigurationList = 5ED7E531279E45B1009ED7F7 /* Build configuration list for PBXNativeTarget "PageApp" */;
			buildPhases = (
				5ED7E503279E45B1009ED7F7 /* Sources */,
				5ED7E504279E45B1009ED7F7 /* Frameworks */,
				5ED7E505279E45B1009ED7F7 /* Resources */,
			);
			buildRules = (
			);
			dependencies = (
			);
			name = PageApp;
			productName = PageApp;
			productReference = 5ED7E507279E45B1009ED7F7 /* PageApp.app */;
			productType = "com.apple.product-type.application";
		};
		5ED7E51C279E45B1009ED7F7 /* PageAppTests */ = {
			isa = PBXNativeTarget;
			buildConfigurationList = 5ED7E534279E45B1009ED7F7 /* Build configuration list for PBXNativeTarget "PageAppTests" */;
			buildPhases = (
				5ED7E519279E45B1009ED7F7 /* Sources */,
				5ED7E51A279E45B1009ED7F7 /* Frameworks */,
				5ED7E51B279E45B1009ED7F7 /* Resources */,
			);
			buildRules = (
			);
			dependencies = (
				5ED7E51F279E45B1009ED7F7 /* PBXTargetDependency */,
			);
			name = PageAppTests;
			productName = PageAppTests;
			productReference = 5ED7E51D279E45B1009ED7F7 /* PageAppTests.xctest */;
			productType = "com.apple.product-type.bundle.unit-test";
		};
		5ED7E526279E45B1009ED7F7 /* PageAppUITests */ = {
			isa = PBXNativeTarget;
			buildConfigurationList = 5ED7E537279E45B1009ED7F7 /* Build configuration list for PBXNativeTarget "PageAppUITests" */;
			buildPhases = (
				5ED7E523279E45B1009ED7F7 /* Sources */,
				5ED7E524279E45B1009ED7F7 /* Frameworks */,
				5ED7E525279E45B1009ED7F7 /* Resources */,
			);
			buildRules = (
			);
			dependencies = (
				5ED7E529279E45B1009ED7F7 /* PBXTargetDependency */,
			);
			name = PageAppUITests;
			productName = PageAppUITests;
			productReference = 5ED7E527279E45B1009ED7F7 /* PageAppUITests.xctest */;
			productType = "com.apple.product-type.bundle.ui-testing";
		};
/* End PBXNativeTarget section */

/* Begin PBXProject section */
		5ED7E4FF279E45B0009ED7F7 /* Project object */ = {
			isa = PBXProject;
			attributes = {
				BuildIndependentTargetsInParallel = 1;
				LastSwiftUpdateCheck = 1320;
				LastUpgradeCheck = 1320;
				TargetAttributes = {
					5ED7E506279E45B1009ED7F7 = {
						CreatedOnToolsVersion = 13.2.1;
					};
					5ED7E51C279E45B1009ED7F7 = {
						CreatedOnToolsVersion = 13.2.1;
						TestTargetID = 5ED7E506279E45B1009ED7F7;
					};
					5ED7E526279E45B1009ED7F7 = {
						CreatedOnToolsVersion = 13.2.1;
						TestTargetID = 5ED7E506279E45B1009ED7F7;
					};
				};
			};
			buildConfigurationList = 5ED7E502279E45B0009ED7F7 /* Build configuration list for PBXProject "PageApp" */;
			compatibilityVersion = "Xcode 13.0";
			developmentRegion = en;
			hasScannedForEncodings = 0;
			knownRegions = (
				en,
				Base,
			);
			mainGroup = 5ED7E4FE279E45B0009ED7F7;
			productRefGroup = 5ED7E508279E45B1009ED7F7 /* Products */;
			projectDirPath = "";
			projectRoot = "";
			targets = (
				5ED7E506279E45B1009ED7F7 /* PageApp */,
				5ED7E51C279E45B1009ED7F7 /* PageAppTests */,
				5ED7E526279E45B1009ED7F7 /* PageAppUITests */,
			);
		};
/* End PBXProject section */

/* Begin PBXResourcesBuildPhase section */
		5ED7E505279E45B1009ED7F7 /* Resources */ = {
			isa = PBXResourcesBuildPhase;
			buildActionMask = 2147483647;
			files = (
				5ED7E517279E45B1009ED7F7 /* LaunchScreen.storyboard in Resources */,
				5E790C4B27A0EB97003AF8DA /* webtoons.json in Resources */,
				5ED7E514279E45B1009ED7F7 /* Assets.xcassets in Resources */,
				5ED7E512279E45B1009ED7F7 /* Main.storyboard in Resources */,
			);
			runOnlyForDeploymentPostprocessing = 0;
		};
		5ED7E51B279E45B1009ED7F7 /* Resources */ = {
			isa = PBXResourcesBuildPhase;
			buildActionMask = 2147483647;
			files = (
			);
			runOnlyForDeploymentPostprocessing = 0;
		};
		5ED7E525279E45B1009ED7F7 /* Resources */ = {
			isa = PBXResourcesBuildPhase;
			buildActionMask = 2147483647;
			files = (
			);
			runOnlyForDeploymentPostprocessing = 0;
		};
/* End PBXResourcesBuildPhase section */

/* Begin PBXSourcesBuildPhase section */
		5ED7E503279E45B1009ED7F7 /* Sources */ = {
			isa = PBXSourcesBuildPhase;
			buildActionMask = 2147483647;
			files = (
				5E790C3A279FC132003AF8DA /* WebtoonModel.swift in Sources */,
				5E790C36279E988E003AF8DA /* WebtoonCell.swift in Sources */,
				5E790C4D27A10324003AF8DA /* errors.swift in Sources */,
				5E790C3D279FCCB9003AF8DA /* PurchaseModel.swift in Sources */,
				5ED7E53E279E4663009ED7F7 /* WebtoonDataSource.swift in Sources */,
				5ED7E50B279E45B1009ED7F7 /* AppDelegate.swift in Sources */,
				5E790C38279FC079003AF8DA /* PurchaseViewController.swift in Sources */,
				5E790C34279E4F42003AF8DA /* WebtoonTableViewController.swift in Sources */,
				5E790C3F279FCDF5003AF8DA /* PurchaseDataSource.swift in Sources */,
				5ED7E50D279E45B1009ED7F7 /* SceneDelegate.swift in Sources */,
			);
			runOnlyForDeploymentPostprocessing = 0;
		};
		5ED7E519279E45B1009ED7F7 /* Sources */ = {
			isa = PBXSourcesBuildPhase;
			buildActionMask = 2147483647;
			files = (
				5ED7E522279E45B1009ED7F7 /* PageAppTests.swift in Sources */,
			);
			runOnlyForDeploymentPostprocessing = 0;
		};
		5ED7E523279E45B1009ED7F7 /* Sources */ = {
			isa = PBXSourcesBuildPhase;
			buildActionMask = 2147483647;
			files = (
				5E790C47279FF5E1003AF8DA /* PurchaseUITests.swift in Sources */,
				5ED7E52C279E45B1009ED7F7 /* PageAppUITests.swift in Sources */,
				5ED7E52E279E45B1009ED7F7 /* PageAppUITestsLaunchTests.swift in Sources */,
			);
			runOnlyForDeploymentPostprocessing = 0;
		};
/* End PBXSourcesBuildPhase section */

/* Begin PBXTargetDependency section */
		5ED7E51F279E45B1009ED7F7 /* PBXTargetDependency */ = {
			isa = PBXTargetDependency;
			target = 5ED7E506279E45B1009ED7F7 /* PageApp */;
			targetProxy = 5ED7E51E279E45B1009ED7F7 /* PBXContainerItemProxy */;
		};
		5ED7E529279E45B1009ED7F7 /* PBXTargetDependency */ = {
			isa = PBXTargetDependency;
			target = 5ED7E506279E45B1009ED7F7 /* PageApp */;
			targetProxy = 5ED7E528279E45B1009ED7F7 /* PBXContainerItemProxy */;
		};
/* End PBXTargetDependency section */

/* Begin PBXVariantGroup section */
		5ED7E510279E45B1009ED7F7 /* Main.storyboard */ = {
			isa = PBXVariantGroup;
			children = (
				5ED7E511279E45B1009ED7F7 /* Base */,
			);
			name = Main.storyboard;
			sourceTree = "<group>";
		};
		5ED7E515279E45B1009ED7F7 /* LaunchScreen.storyboard */ = {
			isa = PBXVariantGroup;
			children = (
				5ED7E516279E45B1009ED7F7 /* Base */,
			);
			name = LaunchScreen.storyboard;
			sourceTree = "<group>";
		};
/* End PBXVariantGroup section */

/* Begin XCBuildConfiguration section */
		5ED7E52F279E45B1009ED7F7 /* Debug */ = {
			isa = XCBuildConfiguration;
			buildSettings = {
				ALWAYS_SEARCH_USER_PATHS = NO;
				CLANG_ANALYZER_NONNULL = YES;
				CLANG_ANALYZER_NUMBER_OBJECT_CONVERSION = YES_AGGRESSIVE;
				CLANG_CXX_LANGUAGE_STANDARD = "gnu++17";
				CLANG_CXX_LIBRARY = "libc++";
				CLANG_ENABLE_MODULES = YES;
				CLANG_ENABLE_OBJC_ARC = YES;
				CLANG_ENABLE_OBJC_WEAK = YES;
				CLANG_WARN_BLOCK_CAPTURE_AUTORELEASING = YES;
				CLANG_WARN_BOOL_CONVERSION = YES;
				CLANG_WARN_COMMA = YES;
				CLANG_WARN_CONSTANT_CONVERSION = YES;
				CLANG_WARN_DEPRECATED_OBJC_IMPLEMENTATIONS = YES;
				CLANG_WARN_DIRECT_OBJC_ISA_USAGE = YES_ERROR;
				CLANG_WARN_DOCUMENTATION_COMMENTS = YES;
				CLANG_WARN_EMPTY_BODY = YES;
				CLANG_WARN_ENUM_CONVERSION = YES;
				CLANG_WARN_INFINITE_RECURSION = YES;
				CLANG_WARN_INT_CONVERSION = YES;
				CLANG_WARN_NON_LITERAL_NULL_CONVERSION = YES;
				CLANG_WARN_OBJC_IMPLICIT_RETAIN_SELF = YES;
				CLANG_WARN_OBJC_LITERAL_CONVERSION = YES;
				CLANG_WARN_OBJC_ROOT_CLASS = YES_ERROR;
				CLANG_WARN_QUOTED_INCLUDE_IN_FRAMEWORK_HEADER = YES;
				CLANG_WARN_RANGE_LOOP_ANALYSIS = YES;
				CLANG_WARN_STRICT_PROTOTYPES = YES;
				CLANG_WARN_SUSPICIOUS_MOVE = YES;
				CLANG_WARN_UNGUARDED_AVAILABILITY = YES_AGGRESSIVE;
				CLANG_WARN_UNREACHABLE_CODE = YES;
				CLANG_WARN__DUPLICATE_METHOD_MATCH = YES;
				COPY_PHASE_STRIP = NO;
				DEBUG_INFORMATION_FORMAT = dwarf;
				ENABLE_STRICT_OBJC_MSGSEND = YES;
				ENABLE_TESTABILITY = YES;
				GCC_C_LANGUAGE_STANDARD = gnu11;
				GCC_DYNAMIC_NO_PIC = NO;
				GCC_NO_COMMON_BLOCKS = YES;
				GCC_OPTIMIZATION_LEVEL = 0;
				GCC_PREPROCESSOR_DEFINITIONS = (
					"DEBUG=1",
					"$(inherited)",
				);
				GCC_WARN_64_TO_32_BIT_CONVERSION = YES;
				GCC_WARN_ABOUT_RETURN_TYPE = YES_ERROR;
				GCC_WARN_UNDECLARED_SELECTOR = YES;
				GCC_WARN_UNINITIALIZED_AUTOS = YES_AGGRESSIVE;
				GCC_WARN_UNUSED_FUNCTION = YES;
				GCC_WARN_UNUSED_VARIABLE = YES;
				IPHONEOS_DEPLOYMENT_TARGET = 15.2;
				MTL_ENABLE_DEBUG_INFO = INCLUDE_SOURCE;
				MTL_FAST_MATH = YES;
				ONLY_ACTIVE_ARCH = YES;
				SDKROOT = iphoneos;
				SWIFT_ACTIVE_COMPILATION_CONDITIONS = DEBUG;
				SWIFT_OPTIMIZATION_LEVEL = "-Onone";
			};
			name = Debug;
		};
		5ED7E530279E45B1009ED7F7 /* Release */ = {
			isa = XCBuildConfiguration;
			buildSettings = {
				ALWAYS_SEARCH_USER_PATHS = NO;
				CLANG_ANALYZER_NONNULL = YES;
				CLANG_ANALYZER_NUMBER_OBJECT_CONVERSION = YES_AGGRESSIVE;
				CLANG_CXX_LANGUAGE_STANDARD = "gnu++17";
				CLANG_CXX_LIBRARY = "libc++";
				CLANG_ENABLE_MODULES = YES;
				CLANG_ENABLE_OBJC_ARC = YES;
				CLANG_ENABLE_OBJC_WEAK = YES;
				CLANG_WARN_BLOCK_CAPTURE_AUTORELEASING = YES;
				CLANG_WARN_BOOL_CONVERSION = YES;
				CLANG_WARN_COMMA = YES;
				CLANG_WARN_CONSTANT_CONVERSION = YES;
				CLANG_WARN_DEPRECATED_OBJC_IMPLEMENTATIONS = YES;
				CLANG_WARN_DIRECT_OBJC_ISA_USAGE = YES_ERROR;
				CLANG_WARN_DOCUMENTATION_COMMENTS = YES;
				CLANG_WARN_EMPTY_BODY = YES;
				CLANG_WARN_ENUM_CONVERSION = YES;
				CLANG_WARN_INFINITE_RECURSION = YES;
				CLANG_WARN_INT_CONVERSION = YES;
				CLANG_WARN_NON_LITERAL_NULL_CONVERSION = YES;
				CLANG_WARN_OBJC_IMPLICIT_RETAIN_SELF = YES;
				CLANG_WARN_OBJC_LITERAL_CONVERSION = YES;
				CLANG_WARN_OBJC_ROOT_CLASS = YES_ERROR;
				CLANG_WARN_QUOTED_INCLUDE_IN_FRAMEWORK_HEADER = YES;
				CLANG_WARN_RANGE_LOOP_ANALYSIS = YES;
				CLANG_WARN_STRICT_PROTOTYPES = YES;
				CLANG_WARN_SUSPICIOUS_MOVE = YES;
				CLANG_WARN_UNGUARDED_AVAILABILITY = YES_AGGRESSIVE;
				CLANG_WARN_UNREACHABLE_CODE = YES;
				CLANG_WARN__DUPLICATE_METHOD_MATCH = YES;
				COPY_PHASE_STRIP = NO;
				DEBUG_INFORMATION_FORMAT = "dwarf-with-dsym";
				ENABLE_NS_ASSERTIONS = NO;
				ENABLE_STRICT_OBJC_MSGSEND = YES;
				GCC_C_LANGUAGE_STANDARD = gnu11;
				GCC_NO_COMMON_BLOCKS = YES;
				GCC_WARN_64_TO_32_BIT_CONVERSION = YES;
				GCC_WARN_ABOUT_RETURN_TYPE = YES_ERROR;
				GCC_WARN_UNDECLARED_SELECTOR = YES;
				GCC_WARN_UNINITIALIZED_AUTOS = YES_AGGRESSIVE;
				GCC_WARN_UNUSED_FUNCTION = YES;
				GCC_WARN_UNUSED_VARIABLE = YES;
				IPHONEOS_DEPLOYMENT_TARGET = 15.2;
				MTL_ENABLE_DEBUG_INFO = NO;
				MTL_FAST_MATH = YES;
				SDKROOT = iphoneos;
				SWIFT_COMPILATION_MODE = wholemodule;
				SWIFT_OPTIMIZATION_LEVEL = "-O";
				VALIDATE_PRODUCT = YES;
			};
			name = Release;
		};
		5ED7E532279E45B1009ED7F7 /* Debug */ = {
			isa = XCBuildConfiguration;
			buildSettings = {
				ASSETCATALOG_COMPILER_APPICON_NAME = AppIcon;
				ASSETCATALOG_COMPILER_GLOBAL_ACCENT_COLOR_NAME = AccentColor;
				CODE_SIGN_STYLE = Automatic;
				CURRENT_PROJECT_VERSION = 1;
				DEVELOPMENT_TEAM = GG34S672YX;
				GENERATE_INFOPLIST_FILE = YES;
				INFOPLIST_FILE = PageApp/Info.plist;
				INFOPLIST_KEY_UIApplicationSupportsIndirectInputEvents = YES;
				INFOPLIST_KEY_UILaunchStoryboardName = LaunchScreen;
				INFOPLIST_KEY_UIMainStoryboardFile = Main;
				INFOPLIST_KEY_UISupportedInterfaceOrientations_iPad = "UIInterfaceOrientationPortrait UIInterfaceOrientationPortraitUpsideDown UIInterfaceOrientationLandscapeLeft UIInterfaceOrientationLandscapeRight";
				INFOPLIST_KEY_UISupportedInterfaceOrientations_iPhone = "UIInterfaceOrientationPortrait UIInterfaceOrientationLandscapeLeft UIInterfaceOrientationLandscapeRight";
				LD_RUNPATH_SEARCH_PATHS = (
					"$(inherited)",
					"@executable_path/Frameworks",
				);
				MARKETING_VERSION = 1.0;
				PRODUCT_BUNDLE_IDENTIFIER = jujube0.PageApp;
				PRODUCT_NAME = "$(TARGET_NAME)";
				SWIFT_EMIT_LOC_STRINGS = YES;
				SWIFT_VERSION = 5.0;
				TARGETED_DEVICE_FAMILY = "1,2";
			};
			name = Debug;
		};
		5ED7E533279E45B1009ED7F7 /* Release */ = {
			isa = XCBuildConfiguration;
			buildSettings = {
				ASSETCATALOG_COMPILER_APPICON_NAME = AppIcon;
				ASSETCATALOG_COMPILER_GLOBAL_ACCENT_COLOR_NAME = AccentColor;
				CODE_SIGN_STYLE = Automatic;
				CURRENT_PROJECT_VERSION = 1;
				DEVELOPMENT_TEAM = GG34S672YX;
				GENERATE_INFOPLIST_FILE = YES;
				INFOPLIST_FILE = PageApp/Info.plist;
				INFOPLIST_KEY_UIApplicationSupportsIndirectInputEvents = YES;
				INFOPLIST_KEY_UILaunchStoryboardName = LaunchScreen;
				INFOPLIST_KEY_UIMainStoryboardFile = Main;
				INFOPLIST_KEY_UISupportedInterfaceOrientations_iPad = "UIInterfaceOrientationPortrait UIInterfaceOrientationPortraitUpsideDown UIInterfaceOrientationLandscapeLeft UIInterfaceOrientationLandscapeRight";
				INFOPLIST_KEY_UISupportedInterfaceOrientations_iPhone = "UIInterfaceOrientationPortrait UIInterfaceOrientationLandscapeLeft UIInterfaceOrientationLandscapeRight";
				LD_RUNPATH_SEARCH_PATHS = (
					"$(inherited)",
					"@executable_path/Frameworks",
				);
				MARKETING_VERSION = 1.0;
				PRODUCT_BUNDLE_IDENTIFIER = jujube0.PageApp;
				PRODUCT_NAME = "$(TARGET_NAME)";
				SWIFT_EMIT_LOC_STRINGS = YES;
				SWIFT_VERSION = 5.0;
				TARGETED_DEVICE_FAMILY = "1,2";
			};
			name = Release;
		};
		5ED7E535279E45B1009ED7F7 /* Debug */ = {
			isa = XCBuildConfiguration;
			buildSettings = {
				ALWAYS_EMBED_SWIFT_STANDARD_LIBRARIES = YES;
				BUNDLE_LOADER = "$(TEST_HOST)";
				CODE_SIGN_STYLE = Automatic;
				CURRENT_PROJECT_VERSION = 1;
				DEVELOPMENT_TEAM = GG34S672YX;
				GENERATE_INFOPLIST_FILE = YES;
				IPHONEOS_DEPLOYMENT_TARGET = 15.2;
				MARKETING_VERSION = 1.0;
				PRODUCT_BUNDLE_IDENTIFIER = jujube0.PageAppTests;
				PRODUCT_NAME = "$(TARGET_NAME)";
				SWIFT_EMIT_LOC_STRINGS = NO;
				SWIFT_VERSION = 5.0;
				TARGETED_DEVICE_FAMILY = "1,2";
				TEST_HOST = "$(BUILT_PRODUCTS_DIR)/PageApp.app/PageApp";
			};
			name = Debug;
		};
		5ED7E536279E45B1009ED7F7 /* Release */ = {
			isa = XCBuildConfiguration;
			buildSettings = {
				ALWAYS_EMBED_SWIFT_STANDARD_LIBRARIES = YES;
				BUNDLE_LOADER = "$(TEST_HOST)";
				CODE_SIGN_STYLE = Automatic;
				CURRENT_PROJECT_VERSION = 1;
				DEVELOPMENT_TEAM = GG34S672YX;
				GENERATE_INFOPLIST_FILE = YES;
				IPHONEOS_DEPLOYMENT_TARGET = 15.2;
				MARKETING_VERSION = 1.0;
				PRODUCT_BUNDLE_IDENTIFIER = jujube0.PageAppTests;
				PRODUCT_NAME = "$(TARGET_NAME)";
				SWIFT_EMIT_LOC_STRINGS = NO;
				SWIFT_VERSION = 5.0;
				TARGETED_DEVICE_FAMILY = "1,2";
				TEST_HOST = "$(BUILT_PRODUCTS_DIR)/PageApp.app/PageApp";
			};
			name = Release;
		};
		5ED7E538279E45B1009ED7F7 /* Debug */ = {
			isa = XCBuildConfiguration;
			buildSettings = {
				ALWAYS_EMBED_SWIFT_STANDARD_LIBRARIES = YES;
				CODE_SIGN_STYLE = Automatic;
				CURRENT_PROJECT_VERSION = 1;
				DEVELOPMENT_TEAM = GG34S672YX;
				GENERATE_INFOPLIST_FILE = YES;
				MARKETING_VERSION = 1.0;
				PRODUCT_BUNDLE_IDENTIFIER = jujube0.PageAppUITests;
				PRODUCT_NAME = "$(TARGET_NAME)";
				SWIFT_EMIT_LOC_STRINGS = NO;
				SWIFT_VERSION = 5.0;
				TARGETED_DEVICE_FAMILY = "1,2";
				TEST_TARGET_NAME = PageApp;
			};
			name = Debug;
		};
		5ED7E539279E45B1009ED7F7 /* Release */ = {
			isa = XCBuildConfiguration;
			buildSettings = {
				ALWAYS_EMBED_SWIFT_STANDARD_LIBRARIES = YES;
				CODE_SIGN_STYLE = Automatic;
				CURRENT_PROJECT_VERSION = 1;
				DEVELOPMENT_TEAM = GG34S672YX;
				GENERATE_INFOPLIST_FILE = YES;
				MARKETING_VERSION = 1.0;
				PRODUCT_BUNDLE_IDENTIFIER = jujube0.PageAppUITests;
				PRODUCT_NAME = "$(TARGET_NAME)";
				SWIFT_EMIT_LOC_STRINGS = NO;
				SWIFT_VERSION = 5.0;
				TARGETED_DEVICE_FAMILY = "1,2";
				TEST_TARGET_NAME = PageApp;
			};
			name = Release;
		};
/* End XCBuildConfiguration section */

/* Begin XCConfigurationList section */
		5ED7E502279E45B0009ED7F7 /* Build configuration list for PBXProject "PageApp" */ = {
			isa = XCConfigurationList;
			buildConfigurations = (
				5ED7E52F279E45B1009ED7F7 /* Debug */,
				5ED7E530279E45B1009ED7F7 /* Release */,
			);
			defaultConfigurationIsVisible = 0;
			defaultConfigurationName = Release;
		};
		5ED7E531279E45B1009ED7F7 /* Build configuration list for PBXNativeTarget "PageApp" */ = {
			isa = XCConfigurationList;
			buildConfigurations = (
				5ED7E532279E45B1009ED7F7 /* Debug */,
				5ED7E533279E45B1009ED7F7 /* Release */,
			);
			defaultConfigurationIsVisible = 0;
			defaultConfigurationName = Release;
		};
		5ED7E534279E45B1009ED7F7 /* Build configuration list for PBXNativeTarget "PageAppTests" */ = {
			isa = XCConfigurationList;
			buildConfigurations = (
				5ED7E535279E45B1009ED7F7 /* Debug */,
				5ED7E536279E45B1009ED7F7 /* Release */,
			);
			defaultConfigurationIsVisible = 0;
			defaultConfigurationName = Release;
		};
		5ED7E537279E45B1009ED7F7 /* Build configuration list for PBXNativeTarget "PageAppUITests" */ = {
			isa = XCConfigurationList;
			buildConfigurations = (
				5ED7E538279E45B1009ED7F7 /* Debug */,
				5ED7E539279E45B1009ED7F7 /* Release */,
			);
			defaultConfigurationIsVisible = 0;
			defaultConfigurationName = Release;
		};
/* End XCConfigurationList section */
	};
	rootObject = 5ED7E4FF279E45B0009ED7F7 /* Project object */;
}
